
Microsoft Visual Studio Solution File, Format Version 12.00
# Visual Studio Version 16
VisualStudioVersion = 16.0.30804.86
MinimumVisualStudioVersion = 10.0.40219.1
Project("{FAE04EC0-301F-11D3-BF4B-00C04F79EFBC}") = "WpfApp2", "WpfApp2\WpfApp2.csproj", "{04C8614C-F1B4-4874-B896-91A43C52A14F}"
EndProject
Global
	GlobalSection(SolutionConfigurationPlatforms) = preSolution
		Debug|Any CPU = Debug|Any CPU
		Release|Any CPU = Release|Any CPU
	EndGlobalSection
	GlobalSection(ProjectConfigurationPlatforms) = postSolution
		{04C8614C-F1B4-4874-B896-91A43C52A14F}.Debug|Any CPU.ActiveCfg = Debug|Any CPU
		{04C8614C-F1B4-4874-B896-91A43C52A14F}.Debug|Any CPU.Build.0 = Debug|Any CPU
		{04C8614C-F1B4-4874-B896-91A43C52A14F}.Release|Any CPU.ActiveCfg = Release|Any CPU
		{04C8614C-F1B4-4874-B896-91A43C52A14F}.Release|Any CPU.Build.0 = Release|Any CPU
	EndGlobalSection
	GlobalSection(SolutionProperties) = preSolution
		HideSolutionNode = FALSE
	EndGlobalSection
	GlobalSection(ExtensibilityGlobals) = postSolution
		SolutionGuid = {5CB6A2B5-8947-4F0B-8D01-D7277D0E471C}
	EndGlobalSection
EndGlobal
