
Microsoft Visual Studio Solution File, Format Version 12.00
# Visual Studio Version 16
VisualStudioVersion = 16.0.30804.86
MinimumVisualStudioVersion = 10.0.40219.1
Project("{FAE04EC0-301F-11D3-BF4B-00C04F79EFBC}") = "IOC_Container_MVVM", "IOC_Container_MVVM\IOC_Container_MVVM.csproj", "{62405CBD-C277-48B2-A21E-FA302117B697}"
EndProject
Project("{FAE04EC0-301F-11D3-BF4B-00C04F79EFBC}") = "CommandsAndPropertyChanged", "CommandsAndPropertyChanged\CommandsAndPropertyChanged.csproj", "{720C37A4-6253-460D-AE80-B235C309322D}"
EndProject
Global
	GlobalSection(SolutionConfigurationPlatforms) = preSolution
		Debug|Any CPU = Debug|Any CPU
		Release|Any CPU = Release|Any CPU
	EndGlobalSection
	GlobalSection(ProjectConfigurationPlatforms) = postSolution
		{62405CBD-C277-48B2-A21E-FA302117B697}.Debug|Any CPU.ActiveCfg = Debug|Any CPU
		{62405CBD-C277-48B2-A21E-FA302117B697}.Debug|Any CPU.Build.0 = Debug|Any CPU
		{62405CBD-C277-48B2-A21E-FA302117B697}.Release|Any CPU.ActiveCfg = Release|Any CPU
		{62405CBD-C277-48B2-A21E-FA302117B697}.Release|Any CPU.Build.0 = Release|Any CPU
		{720C37A4-6253-460D-AE80-B235C309322D}.Debug|Any CPU.ActiveCfg = Debug|Any CPU
		{720C37A4-6253-460D-AE80-B235C309322D}.Debug|Any CPU.Build.0 = Debug|Any CPU
		{720C37A4-6253-460D-AE80-B235C309322D}.Release|Any CPU.ActiveCfg = Release|Any CPU
		{720C37A4-6253-460D-AE80-B235C309322D}.Release|Any CPU.Build.0 = Release|Any CPU
	EndGlobalSection
	GlobalSection(SolutionProperties) = preSolution
		HideSolutionNode = FALSE
	EndGlobalSection
	GlobalSection(ExtensibilityGlobals) = postSolution
		SolutionGuid = {04CB3491-5567-4054-833B-F735B8F68B5F}
	EndGlobalSection
EndGlobal
